PODS:
  - GzipSwift (4.1.0)
  - SwiftLint (0.31.0)
  - WatchSync (1.3.1):
    - GzipSwift (>= 4.1.0)

DEPENDENCIES:
  - GzipSwift
  - SwiftLint (= 0.31.0)
  - WatchSync (from `.`)

SPEC REPOS:
  https://github.com/cocoapods/specs.git:
    - GzipSwift
    - SwiftLint

EXTERNAL SOURCES:
  WatchSync:
    :path: "."

SPEC CHECKSUMS:
  GzipSwift: df1636fa095bd8f21d98db14e7393ecc9e230fed
  SwiftLint: 7a0227733d786395817373b2d0ca799fd0093ff3
  WatchSync: c51b8e0e129458b43806a4c4ff7d06739f0503eb

PODFILE CHECKSUM: b510da179cf0776def41244704914391442fbc73

COCOAPODS: 1.6.1
