PODS:
  - GzipSwift (4.0.4)
  - SwiftLint (0.31.0)
  - WatchSync (1.2.0):
    - GzipSwift

DEPENDENCIES:
  - GzipSwift
  - SwiftLint (= 0.31.0)
  - WatchSync (from `.`)

SPEC REPOS:
  https://github.com/cocoapods/specs.git:
    - GzipSwift
    - SwiftLint

EXTERNAL SOURCES:
  WatchSync:
    :path: "."

SPEC CHECKSUMS:
  GzipSwift: 1a5bc5f7827e09846b0635b5079f1224bc3b1c3a
  SwiftLint: 7a0227733d786395817373b2d0ca799fd0093ff3
  WatchSync: a284a561c1a0fa6595c03ee734a7445c42c04a77

PODFILE CHECKSUM: b510da179cf0776def41244704914391442fbc73

COCOAPODS: 1.6.1
