// !$*UTF8*$!
{
	archiveVersion = 1;
	classes = {
	};
	objectVersion = 48;
	objects = {

/* Begin PBXBuildFile section */
		154C2CFE95B01A5911C6402A /* Pods_WatchSync_Example.framework in Frameworks */ = {isa = PBXBuildFile; fileRef = 35F9833182EE2BC6B76A035C /* Pods_WatchSync_Example.framework */; };
		3CB1B6EF16E57260E9FAF3C8 /* Pods_WatchSync_Example_WatchKit_Extension.framework in Frameworks */ = {isa = PBXBuildFile; fileRef = 39D0C180CD749556EAE34BB8 /* Pods_WatchSync_Example_WatchKit_Extension.framework */; };
		CDE701FC205B6F0000C40127 /* AppDelegate.swift in Sources */ = {isa = PBXBuildFile; fileRef = CDE701FB205B6F0000C40127 /* AppDelegate.swift */; };
		CDE701FE205B6F0000C40127 /* ViewController.swift in Sources */ = {isa = PBXBuildFile; fileRef = CDE701FD205B6F0000C40127 /* ViewController.swift */; };
		CDE70201205B6F0000C40127 /* Main.storyboard in Resources */ = {isa = PBXBuildFile; fileRef = CDE701FF205B6F0000C40127 /* Main.storyboard */; };
		CDE70203205B6F0000C40127 /* Assets.xcassets in Resources */ = {isa = PBXBuildFile; fileRef = CDE70202205B6F0000C40127 /* Assets.xcassets */; };
		CDE70206205B6F0000C40127 /* LaunchScreen.storyboard in Resources */ = {isa = PBXBuildFile; fileRef = CDE70204205B6F0000C40127 /* LaunchScreen.storyboard */; };
		CDE70211205B6F0100C40127 /* WatchSync_ExampleTests.swift in Sources */ = {isa = PBXBuildFile; fileRef = CDE70210205B6F0100C40127 /* WatchSync_ExampleTests.swift */; };
		CDE70216205B6F0100C40127 /* WatchSync Example WatchKit App.app in Embed Watch Content */ = {isa = PBXBuildFile; fileRef = CDE70215205B6F0100C40127 /* WatchSync Example WatchKit App.app */; };
		CDE7021C205B6F0100C40127 /* Interface.storyboard in Resources */ = {isa = PBXBuildFile; fileRef = CDE7021A205B6F0100C40127 /* Interface.storyboard */; };
		CDE7021E205B6F0100C40127 /* Assets.xcassets in Resources */ = {isa = PBXBuildFile; fileRef = CDE7021D205B6F0100C40127 /* Assets.xcassets */; };
		CDE70225205B6F0100C40127 /* WatchSync Example WatchKit Extension.appex in Embed App Extensions */ = {isa = PBXBuildFile; fileRef = CDE70224205B6F0100C40127 /* WatchSync Example WatchKit Extension.appex */; settings = {ATTRIBUTES = (RemoveHeadersOnCopy, ); }; };
		CDE7022A205B6F0100C40127 /* InterfaceController.swift in Sources */ = {isa = PBXBuildFile; fileRef = CDE70229205B6F0100C40127 /* InterfaceController.swift */; };
		CDE7022C205B6F0100C40127 /* ExtensionDelegate.swift in Sources */ = {isa = PBXBuildFile; fileRef = CDE7022B205B6F0100C40127 /* ExtensionDelegate.swift */; };
		CDE7022E205B6F0100C40127 /* NotificationController.swift in Sources */ = {isa = PBXBuildFile; fileRef = CDE7022D205B6F0100C40127 /* NotificationController.swift */; };
		CDE70230205B6F0100C40127 /* Assets.xcassets in Resources */ = {isa = PBXBuildFile; fileRef = CDE7022F205B6F0100C40127 /* Assets.xcassets */; };
		CDE70250205B707B00C40127 /* MyMessage.swift in Sources */ = {isa = PBXBuildFile; fileRef = CDE7024F205B707B00C40127 /* MyMessage.swift */; };
		CDE70252205B708600C40127 /* MyMessage.swift in Sources */ = {isa = PBXBuildFile; fileRef = CDE70251205B708600C40127 /* MyMessage.swift */; };
/* End PBXBuildFile section */

/* Begin PBXContainerItemProxy section */
		CDE7020D205B6F0100C40127 /* PBXContainerItemProxy */ = {
			isa = PBXContainerItemProxy;
			containerPortal = CDE701F0205B6F0000C40127 /* Project object */;
			proxyType = 1;
			remoteGlobalIDString = CDE701F7205B6F0000C40127;
			remoteInfo = "WatchSync Example";
		};
		CDE70217205B6F0100C40127 /* PBXContainerItemProxy */ = {
			isa = PBXContainerItemProxy;
			containerPortal = CDE701F0205B6F0000C40127 /* Project object */;
			proxyType = 1;
			remoteGlobalIDString = CDE70214205B6F0100C40127;
			remoteInfo = "WatchSync Example WatchKit App";
		};
		CDE70226205B6F0100C40127 /* PBXContainerItemProxy */ = {
			isa = PBXContainerItemProxy;
			containerPortal = CDE701F0205B6F0000C40127 /* Project object */;
			proxyType = 1;
			remoteGlobalIDString = CDE70223205B6F0100C40127;
			remoteInfo = "WatchSync Example WatchKit Extension";
		};
/* End PBXContainerItemProxy section */

/* Begin PBXCopyFilesBuildPhase section */
		CDE70238205B6F0100C40127 /* Embed App Extensions */ = {
			isa = PBXCopyFilesBuildPhase;
			buildActionMask = 2147483647;
			dstPath = "";
			dstSubfolderSpec = 13;
			files = (
				CDE70225205B6F0100C40127 /* WatchSync Example WatchKit Extension.appex in Embed App Extensions */,
			);
			name = "Embed App Extensions";
			runOnlyForDeploymentPostprocessing = 0;
		};
		CDE7023C205B6F0100C40127 /* Embed Watch Content */ = {
			isa = PBXCopyFilesBuildPhase;
			buildActionMask = 2147483647;
			dstPath = "$(CONTENTS_FOLDER_PATH)/Watch";
			dstSubfolderSpec = 16;
			files = (
				CDE70216205B6F0100C40127 /* WatchSync Example WatchKit App.app in Embed Watch Content */,
			);
			name = "Embed Watch Content";
			runOnlyForDeploymentPostprocessing = 0;
		};
/* End PBXCopyFilesBuildPhase section */

/* Begin PBXFileReference section */
		0C7C9C0C63219AC537D66E7D /* Pods-WatchSync Example WatchKit Extension.debug.xcconfig */ = {isa = PBXFileReference; includeInIndex = 1; lastKnownFileType = text.xcconfig; name = "Pods-WatchSync Example WatchKit Extension.debug.xcconfig"; path = "../Pods/Target Support Files/Pods-WatchSync Example WatchKit Extension/Pods-WatchSync Example WatchKit Extension.debug.xcconfig"; sourceTree = "<group>"; };
		35F9833182EE2BC6B76A035C /* Pods_WatchSync_Example.framework */ = {isa = PBXFileReference; explicitFileType = wrapper.framework; includeInIndex = 0; path = Pods_WatchSync_Example.framework; sourceTree = BUILT_PRODUCTS_DIR; };
		39BC26C52D80A309F0DDA218 /* Pods-WatchSync Example.debug.xcconfig */ = {isa = PBXFileReference; includeInIndex = 1; lastKnownFileType = text.xcconfig; name = "Pods-WatchSync Example.debug.xcconfig"; path = "../Pods/Target Support Files/Pods-WatchSync Example/Pods-WatchSync Example.debug.xcconfig"; sourceTree = "<group>"; };
		39D0C180CD749556EAE34BB8 /* Pods_WatchSync_Example_WatchKit_Extension.framework */ = {isa = PBXFileReference; explicitFileType = wrapper.framework; includeInIndex = 0; path = Pods_WatchSync_Example_WatchKit_Extension.framework; sourceTree = BUILT_PRODUCTS_DIR; };
		565140D7C2769114E4127AAA /* Pods-WatchSync Example.release.xcconfig */ = {isa = PBXFileReference; includeInIndex = 1; lastKnownFileType = text.xcconfig; name = "Pods-WatchSync Example.release.xcconfig"; path = "../Pods/Target Support Files/Pods-WatchSync Example/Pods-WatchSync Example.release.xcconfig"; sourceTree = "<group>"; };
		5C6F91C073B03CD9416F6A6C /* Pods-WatchSync Example WatchKit Extension.release.xcconfig */ = {isa = PBXFileReference; includeInIndex = 1; lastKnownFileType = text.xcconfig; name = "Pods-WatchSync Example WatchKit Extension.release.xcconfig"; path = "../Pods/Target Support Files/Pods-WatchSync Example WatchKit Extension/Pods-WatchSync Example WatchKit Extension.release.xcconfig"; sourceTree = "<group>"; };
		743D7E6D20A27143005ED3AD /* Gzip.framework */ = {isa = PBXFileReference; explicitFileType = wrapper.framework; path = Gzip.framework; sourceTree = BUILT_PRODUCTS_DIR; };
		743D7E6F20A2714C005ED3AD /* Gzip.framework */ = {isa = PBXFileReference; explicitFileType = wrapper.framework; path = Gzip.framework; sourceTree = BUILT_PRODUCTS_DIR; };
		CDE701F8205B6F0000C40127 /* WatchSync Example.app */ = {isa = PBXFileReference; explicitFileType = wrapper.application; includeInIndex = 0; path = "WatchSync Example.app"; sourceTree = BUILT_PRODUCTS_DIR; };
		CDE701FB205B6F0000C40127 /* AppDelegate.swift */ = {isa = PBXFileReference; lastKnownFileType = sourcecode.swift; path = AppDelegate.swift; sourceTree = "<group>"; };
		CDE701FD205B6F0000C40127 /* ViewController.swift */ = {isa = PBXFileReference; lastKnownFileType = sourcecode.swift; path = ViewController.swift; sourceTree = "<group>"; };
		CDE70200205B6F0000C40127 /* Base */ = {isa = PBXFileReference; lastKnownFileType = file.storyboard; name = Base; path = Base.lproj/Main.storyboard; sourceTree = "<group>"; };
		CDE70202205B6F0000C40127 /* Assets.xcassets */ = {isa = PBXFileReference; lastKnownFileType = folder.assetcatalog; path = Assets.xcassets; sourceTree = "<group>"; };
		CDE70205205B6F0000C40127 /* Base */ = {isa = PBXFileReference; lastKnownFileType = file.storyboard; name = Base; path = Base.lproj/LaunchScreen.storyboard; sourceTree = "<group>"; };
		CDE70207205B6F0000C40127 /* Info.plist */ = {isa = PBXFileReference; lastKnownFileType = text.plist.xml; path = Info.plist; sourceTree = "<group>"; };
		CDE7020C205B6F0100C40127 /* WatchSync ExampleTests.xctest */ = {isa = PBXFileReference; explicitFileType = wrapper.cfbundle; includeInIndex = 0; path = "WatchSync ExampleTests.xctest"; sourceTree = BUILT_PRODUCTS_DIR; };
		CDE70210205B6F0100C40127 /* WatchSync_ExampleTests.swift */ = {isa = PBXFileReference; lastKnownFileType = sourcecode.swift; path = WatchSync_ExampleTests.swift; sourceTree = "<group>"; };
		CDE70212205B6F0100C40127 /* Info.plist */ = {isa = PBXFileReference; lastKnownFileType = text.plist.xml; path = Info.plist; sourceTree = "<group>"; };
		CDE70215205B6F0100C40127 /* WatchSync Example WatchKit App.app */ = {isa = PBXFileReference; explicitFileType = wrapper.application; includeInIndex = 0; path = "WatchSync Example WatchKit App.app"; sourceTree = BUILT_PRODUCTS_DIR; };
		CDE7021B205B6F0100C40127 /* Base */ = {isa = PBXFileReference; lastKnownFileType = file.storyboard; name = Base; path = Base.lproj/Interface.storyboard; sourceTree = "<group>"; };
		CDE7021D205B6F0100C40127 /* Assets.xcassets */ = {isa = PBXFileReference; lastKnownFileType = folder.assetcatalog; path = Assets.xcassets; sourceTree = "<group>"; };
		CDE7021F205B6F0100C40127 /* Info.plist */ = {isa = PBXFileReference; lastKnownFileType = text.plist.xml; path = Info.plist; sourceTree = "<group>"; };
		CDE70224205B6F0100C40127 /* WatchSync Example WatchKit Extension.appex */ = {isa = PBXFileReference; explicitFileType = "wrapper.app-extension"; includeInIndex = 0; path = "WatchSync Example WatchKit Extension.appex"; sourceTree = BUILT_PRODUCTS_DIR; };
		CDE70229205B6F0100C40127 /* InterfaceController.swift */ = {isa = PBXFileReference; lastKnownFileType = sourcecode.swift; path = InterfaceController.swift; sourceTree = "<group>"; };
		CDE7022B205B6F0100C40127 /* ExtensionDelegate.swift */ = {isa = PBXFileReference; lastKnownFileType = sourcecode.swift; path = ExtensionDelegate.swift; sourceTree = "<group>"; };
		CDE7022D205B6F0100C40127 /* NotificationController.swift */ = {isa = PBXFileReference; lastKnownFileType = sourcecode.swift; path = NotificationController.swift; sourceTree = "<group>"; };
		CDE7022F205B6F0100C40127 /* Assets.xcassets */ = {isa = PBXFileReference; lastKnownFileType = folder.assetcatalog; path = Assets.xcassets; sourceTree = "<group>"; };
		CDE70231205B6F0100C40127 /* Info.plist */ = {isa = PBXFileReference; lastKnownFileType = text.plist.xml; path = Info.plist; sourceTree = "<group>"; };
		CDE70232205B6F0100C40127 /* PushNotificationPayload.apns */ = {isa = PBXFileReference; lastKnownFileType = text; path = PushNotificationPayload.apns; sourceTree = "<group>"; };
		CDE70246205B6F3C00C40127 /* WatchSync.framework */ = {isa = PBXFileReference; explicitFileType = wrapper.framework; path = WatchSync.framework; sourceTree = BUILT_PRODUCTS_DIR; };
		CDE7024B205B6F8200C40127 /* WatchSync.framework */ = {isa = PBXFileReference; explicitFileType = wrapper.framework; path = WatchSync.framework; sourceTree = BUILT_PRODUCTS_DIR; };
		CDE7024F205B707B00C40127 /* MyMessage.swift */ = {isa = PBXFileReference; lastKnownFileType = sourcecode.swift; path = MyMessage.swift; sourceTree = "<group>"; };
		CDE70251205B708600C40127 /* MyMessage.swift */ = {isa = PBXFileReference; fileEncoding = 4; lastKnownFileType = sourcecode.swift; name = MyMessage.swift; path = "WatchSync Example/MyMessage.swift"; sourceTree = SOURCE_ROOT; };
/* End PBXFileReference section */

/* Begin PBXFrameworksBuildPhase section */
		CDE701F5205B6F0000C40127 /* Frameworks */ = {
			isa = PBXFrameworksBuildPhase;
			buildActionMask = 2147483647;
			files = (
				154C2CFE95B01A5911C6402A /* Pods_WatchSync_Example.framework in Frameworks */,
			);
			runOnlyForDeploymentPostprocessing = 0;
		};
		CDE70209205B6F0100C40127 /* Frameworks */ = {
			isa = PBXFrameworksBuildPhase;
			buildActionMask = 2147483647;
			files = (
			);
			runOnlyForDeploymentPostprocessing = 0;
		};
		CDE70221205B6F0100C40127 /* Frameworks */ = {
			isa = PBXFrameworksBuildPhase;
			buildActionMask = 2147483647;
			files = (
				3CB1B6EF16E57260E9FAF3C8 /* Pods_WatchSync_Example_WatchKit_Extension.framework in Frameworks */,
			);
			runOnlyForDeploymentPostprocessing = 0;
		};
		CDE70249205B6F3C00C40127 /* Frameworks */ = {
			isa = PBXFrameworksBuildPhase;
			buildActionMask = 2147483647;
			files = (
			);
			runOnlyForDeploymentPostprocessing = 0;
		};
/* End PBXFrameworksBuildPhase section */

/* Begin PBXGroup section */
		13FF0578C1A225995997768D /* Pods */ = {
			isa = PBXGroup;
			children = (
				39BC26C52D80A309F0DDA218 /* Pods-WatchSync Example.debug.xcconfig */,
				565140D7C2769114E4127AAA /* Pods-WatchSync Example.release.xcconfig */,
				0C7C9C0C63219AC537D66E7D /* Pods-WatchSync Example WatchKit Extension.debug.xcconfig */,
				5C6F91C073B03CD9416F6A6C /* Pods-WatchSync Example WatchKit Extension.release.xcconfig */,
			);
			name = Pods;
			sourceTree = "<group>";
		};
		CDE701EF205B6F0000C40127 = {
			isa = PBXGroup;
			children = (
				CDE701FA205B6F0000C40127 /* WatchSync Example */,
				CDE7020F205B6F0100C40127 /* WatchSync ExampleTests */,
				CDE70219205B6F0100C40127 /* WatchSync Example WatchKit App */,
				CDE70228205B6F0100C40127 /* WatchSync Example WatchKit Extension */,
				CDE701F9205B6F0000C40127 /* Products */,
				CDE70243205B6F3100C40127 /* Frameworks */,
				13FF0578C1A225995997768D /* Pods */,
			);
			sourceTree = "<group>";
		};
		CDE701F9205B6F0000C40127 /* Products */ = {
			isa = PBXGroup;
			children = (
				CDE701F8205B6F0000C40127 /* WatchSync Example.app */,
				CDE7020C205B6F0100C40127 /* WatchSync ExampleTests.xctest */,
				CDE70215205B6F0100C40127 /* WatchSync Example WatchKit App.app */,
				CDE70224205B6F0100C40127 /* WatchSync Example WatchKit Extension.appex */,
			);
			name = Products;
			sourceTree = "<group>";
		};
		CDE701FA205B6F0000C40127 /* WatchSync Example */ = {
			isa = PBXGroup;
			children = (
				CDE701FB205B6F0000C40127 /* AppDelegate.swift */,
				CDE70202205B6F0000C40127 /* Assets.xcassets */,
				CDE70207205B6F0000C40127 /* Info.plist */,
				CDE70204205B6F0000C40127 /* LaunchScreen.storyboard */,
				CDE701FF205B6F0000C40127 /* Main.storyboard */,
				CDE7024F205B707B00C40127 /* MyMessage.swift */,
				CDE701FD205B6F0000C40127 /* ViewController.swift */,
			);
			path = "WatchSync Example";
			sourceTree = "<group>";
		};
		CDE7020F205B6F0100C40127 /* WatchSync ExampleTests */ = {
			isa = PBXGroup;
			children = (
				CDE70210205B6F0100C40127 /* WatchSync_ExampleTests.swift */,
				CDE70212205B6F0100C40127 /* Info.plist */,
			);
			path = "WatchSync ExampleTests";
			sourceTree = "<group>";
		};
		CDE70219205B6F0100C40127 /* WatchSync Example WatchKit App */ = {
			isa = PBXGroup;
			children = (
				CDE7021A205B6F0100C40127 /* Interface.storyboard */,
				CDE7021D205B6F0100C40127 /* Assets.xcassets */,
				CDE7021F205B6F0100C40127 /* Info.plist */,
			);
			path = "WatchSync Example WatchKit App";
			sourceTree = "<group>";
		};
		CDE70228205B6F0100C40127 /* WatchSync Example WatchKit Extension */ = {
			isa = PBXGroup;
			children = (
				CDE7022F205B6F0100C40127 /* Assets.xcassets */,
				CDE7022B205B6F0100C40127 /* ExtensionDelegate.swift */,
				CDE70231205B6F0100C40127 /* Info.plist */,
				CDE70229205B6F0100C40127 /* InterfaceController.swift */,
				CDE70251205B708600C40127 /* MyMessage.swift */,
				CDE7022D205B6F0100C40127 /* NotificationController.swift */,
				CDE70232205B6F0100C40127 /* PushNotificationPayload.apns */,
			);
			path = "WatchSync Example WatchKit Extension";
			sourceTree = "<group>";
		};
		CDE70243205B6F3100C40127 /* Frameworks */ = {
			isa = PBXGroup;
			children = (
				743D7E6F20A2714C005ED3AD /* Gzip.framework */,
				743D7E6D20A27143005ED3AD /* Gzip.framework */,
				CDE7024B205B6F8200C40127 /* WatchSync.framework */,
				CDE70246205B6F3C00C40127 /* WatchSync.framework */,
				35F9833182EE2BC6B76A035C /* Pods_WatchSync_Example.framework */,
				39D0C180CD749556EAE34BB8 /* Pods_WatchSync_Example_WatchKit_Extension.framework */,
			);
			name = Frameworks;
			sourceTree = "<group>";
		};
/* End PBXGroup section */

/* Begin PBXNativeTarget section */
		CDE701F7205B6F0000C40127 /* WatchSync Example */ = {
			isa = PBXNativeTarget;
			buildConfigurationList = CDE7023D205B6F0100C40127 /* Build configuration list for PBXNativeTarget "WatchSync Example" */;
			buildPhases = (
				EE71338293F06779E93A3127 /* [CP] Check Pods Manifest.lock */,
				CDE701F4205B6F0000C40127 /* Sources */,
				CDE701F5205B6F0000C40127 /* Frameworks */,
				CDE701F6205B6F0000C40127 /* Resources */,
				CDE7023C205B6F0100C40127 /* Embed Watch Content */,
				1320456FE6F085DBEFA3671D /* [CP] Embed Pods Frameworks */,
			);
			buildRules = (
			);
			dependencies = (
				CDE70218205B6F0100C40127 /* PBXTargetDependency */,
			);
			name = "WatchSync Example";
			productName = "WatchSync Example";
			productReference = CDE701F8205B6F0000C40127 /* WatchSync Example.app */;
			productType = "com.apple.product-type.application";
		};
		CDE7020B205B6F0100C40127 /* WatchSync ExampleTests */ = {
			isa = PBXNativeTarget;
			buildConfigurationList = CDE70240205B6F0100C40127 /* Build configuration list for PBXNativeTarget "WatchSync ExampleTests" */;
			buildPhases = (
				CDE70208205B6F0100C40127 /* Sources */,
				CDE70209205B6F0100C40127 /* Frameworks */,
				CDE7020A205B6F0100C40127 /* Resources */,
			);
			buildRules = (
			);
			dependencies = (
				CDE7020E205B6F0100C40127 /* PBXTargetDependency */,
			);
			name = "WatchSync ExampleTests";
			productName = "WatchSync ExampleTests";
			productReference = CDE7020C205B6F0100C40127 /* WatchSync ExampleTests.xctest */;
			productType = "com.apple.product-type.bundle.unit-test";
		};
		CDE70214205B6F0100C40127 /* WatchSync Example WatchKit App */ = {
			isa = PBXNativeTarget;
			buildConfigurationList = CDE70239205B6F0100C40127 /* Build configuration list for PBXNativeTarget "WatchSync Example WatchKit App" */;
			buildPhases = (
				CDE70213205B6F0100C40127 /* Resources */,
				CDE70238205B6F0100C40127 /* Embed App Extensions */,
				CDE70249205B6F3C00C40127 /* Frameworks */,
			);
			buildRules = (
			);
			dependencies = (
				CDE70227205B6F0100C40127 /* PBXTargetDependency */,
			);
			name = "WatchSync Example WatchKit App";
			productName = "WatchSync Example WatchKit App";
			productReference = CDE70215205B6F0100C40127 /* WatchSync Example WatchKit App.app */;
			productType = "com.apple.product-type.application.watchapp2";
		};
		CDE70223205B6F0100C40127 /* WatchSync Example WatchKit Extension */ = {
			isa = PBXNativeTarget;
			buildConfigurationList = CDE70235205B6F0100C40127 /* Build configuration list for PBXNativeTarget "WatchSync Example WatchKit Extension" */;
			buildPhases = (
				818F21512FD5A2299C984AC0 /* [CP] Check Pods Manifest.lock */,
				CDE70220205B6F0100C40127 /* Sources */,
				CDE70221205B6F0100C40127 /* Frameworks */,
				CDE70222205B6F0100C40127 /* Resources */,
				95A7D06A1FC458A85297ECAB /* [CP] Embed Pods Frameworks */,
			);
			buildRules = (
			);
			dependencies = (
			);
			name = "WatchSync Example WatchKit Extension";
			productName = "WatchSync Example WatchKit Extension";
			productReference = CDE70224205B6F0100C40127 /* WatchSync Example WatchKit Extension.appex */;
			productType = "com.apple.product-type.watchkit2-extension";
		};
/* End PBXNativeTarget section */

/* Begin PBXProject section */
		CDE701F0205B6F0000C40127 /* Project object */ = {
			isa = PBXProject;
			attributes = {
				LastSwiftUpdateCheck = 0920;
				LastUpgradeCheck = 0930;
				ORGANIZATIONNAME = "Ten Minute Wait";
				TargetAttributes = {
					CDE701F7205B6F0000C40127 = {
						CreatedOnToolsVersion = 9.2;
						ProvisioningStyle = Automatic;
					};
					CDE7020B205B6F0100C40127 = {
						CreatedOnToolsVersion = 9.2;
						ProvisioningStyle = Automatic;
						TestTargetID = CDE701F7205B6F0000C40127;
					};
					CDE70214205B6F0100C40127 = {
						CreatedOnToolsVersion = 9.2;
						ProvisioningStyle = Automatic;
					};
					CDE70223205B6F0100C40127 = {
						CreatedOnToolsVersion = 9.2;
						ProvisioningStyle = Automatic;
					};
				};
			};
			buildConfigurationList = CDE701F3205B6F0000C40127 /* Build configuration list for PBXProject "WatchSync Example" */;
			compatibilityVersion = "Xcode 8.0";
			developmentRegion = en;
			hasScannedForEncodings = 0;
			knownRegions = (
				en,
				Base,
			);
			mainGroup = CDE701EF205B6F0000C40127;
			productRefGroup = CDE701F9205B6F0000C40127 /* Products */;
			projectDirPath = "";
			projectRoot = "";
			targets = (
				CDE701F7205B6F0000C40127 /* WatchSync Example */,
				CDE7020B205B6F0100C40127 /* WatchSync ExampleTests */,
				CDE70214205B6F0100C40127 /* WatchSync Example WatchKit App */,
				CDE70223205B6F0100C40127 /* WatchSync Example WatchKit Extension */,
			);
		};
/* End PBXProject section */

/* Begin PBXResourcesBuildPhase section */
		CDE701F6205B6F0000C40127 /* Resources */ = {
			isa = PBXResourcesBuildPhase;
			buildActionMask = 2147483647;
			files = (
				CDE70206205B6F0000C40127 /* LaunchScreen.storyboard in Resources */,
				CDE70203205B6F0000C40127 /* Assets.xcassets in Resources */,
				CDE70201205B6F0000C40127 /* Main.storyboard in Resources */,
			);
			runOnlyForDeploymentPostprocessing = 0;
		};
		CDE7020A205B6F0100C40127 /* Resources */ = {
			isa = PBXResourcesBuildPhase;
			buildActionMask = 2147483647;
			files = (
			);
			runOnlyForDeploymentPostprocessing = 0;
		};
		CDE70213205B6F0100C40127 /* Resources */ = {
			isa = PBXResourcesBuildPhase;
			buildActionMask = 2147483647;
			files = (
				CDE7021E205B6F0100C40127 /* Assets.xcassets in Resources */,
				CDE7021C205B6F0100C40127 /* Interface.storyboard in Resources */,
			);
			runOnlyForDeploymentPostprocessing = 0;
		};
		CDE70222205B6F0100C40127 /* Resources */ = {
			isa = PBXResourcesBuildPhase;
			buildActionMask = 2147483647;
			files = (
				CDE70230205B6F0100C40127 /* Assets.xcassets in Resources */,
			);
			runOnlyForDeploymentPostprocessing = 0;
		};
/* End PBXResourcesBuildPhase section */

/* Begin PBXShellScriptBuildPhase section */
		1320456FE6F085DBEFA3671D /* [CP] Embed Pods Frameworks */ = {
			isa = PBXShellScriptBuildPhase;
			buildActionMask = 2147483647;
			files = (
			);
			inputPaths = (
				"${PODS_ROOT}/Target Support Files/Pods-WatchSync Example/Pods-WatchSync Example-frameworks.sh",
				"${BUILT_PRODUCTS_DIR}/GzipSwift-iOS11.2/Gzip.framework",
				"${BUILT_PRODUCTS_DIR}/WatchSync-iOS/WatchSync.framework",
			);
			name = "[CP] Embed Pods Frameworks";
			outputPaths = (
				"${TARGET_BUILD_DIR}/${FRAMEWORKS_FOLDER_PATH}/Gzip.framework",
				"${TARGET_BUILD_DIR}/${FRAMEWORKS_FOLDER_PATH}/WatchSync.framework",
			);
			runOnlyForDeploymentPostprocessing = 0;
			shellPath = /bin/sh;
			shellScript = "\"${PODS_ROOT}/Target Support Files/Pods-WatchSync Example/Pods-WatchSync Example-frameworks.sh\"\n";
			showEnvVarsInLog = 0;
		};
		818F21512FD5A2299C984AC0 /* [CP] Check Pods Manifest.lock */ = {
			isa = PBXShellScriptBuildPhase;
			buildActionMask = 2147483647;
			files = (
			);
			inputPaths = (
				"${PODS_PODFILE_DIR_PATH}/Podfile.lock",
				"${PODS_ROOT}/Manifest.lock",
			);
			name = "[CP] Check Pods Manifest.lock";
			outputPaths = (
				"$(DERIVED_FILE_DIR)/Pods-WatchSync Example WatchKit Extension-checkManifestLockResult.txt",
			);
			runOnlyForDeploymentPostprocessing = 0;
			shellPath = /bin/sh;
			shellScript = "diff \"${PODS_PODFILE_DIR_PATH}/Podfile.lock\" \"${PODS_ROOT}/Manifest.lock\" > /dev/null\nif [ $? != 0 ] ; then\n    # print error to STDERR\n    echo \"error: The sandbox is not in sync with the Podfile.lock. Run 'pod install' or update your CocoaPods installation.\" >&2\n    exit 1\nfi\n# This output is used by Xcode 'outputs' to avoid re-running this script phase.\necho \"SUCCESS\" > \"${SCRIPT_OUTPUT_FILE_0}\"\n";
			showEnvVarsInLog = 0;
		};
		95A7D06A1FC458A85297ECAB /* [CP] Embed Pods Frameworks */ = {
			isa = PBXShellScriptBuildPhase;
			buildActionMask = 2147483647;
			files = (
			);
			inputPaths = (
				"${PODS_ROOT}/Target Support Files/Pods-WatchSync Example WatchKit Extension/Pods-WatchSync Example WatchKit Extension-frameworks.sh",
				"${BUILT_PRODUCTS_DIR}/GzipSwift-watchOS4.2/Gzip.framework",
				"${BUILT_PRODUCTS_DIR}/WatchSync-watchOS/WatchSync.framework",
			);
			name = "[CP] Embed Pods Frameworks";
			outputPaths = (
				"${TARGET_BUILD_DIR}/${FRAMEWORKS_FOLDER_PATH}/Gzip.framework",
				"${TARGET_BUILD_DIR}/${FRAMEWORKS_FOLDER_PATH}/WatchSync.framework",
			);
			runOnlyForDeploymentPostprocessing = 0;
			shellPath = /bin/sh;
			shellScript = "\"${PODS_ROOT}/Target Support Files/Pods-WatchSync Example WatchKit Extension/Pods-WatchSync Example WatchKit Extension-frameworks.sh\"\n";
			showEnvVarsInLog = 0;
		};
		EE71338293F06779E93A3127 /* [CP] Check Pods Manifest.lock */ = {
			isa = PBXShellScriptBuildPhase;
			buildActionMask = 2147483647;
			files = (
			);
			inputPaths = (
				"${PODS_PODFILE_DIR_PATH}/Podfile.lock",
				"${PODS_ROOT}/Manifest.lock",
			);
			name = "[CP] Check Pods Manifest.lock";
			outputPaths = (
				"$(DERIVED_FILE_DIR)/Pods-WatchSync Example-checkManifestLockResult.txt",
			);
			runOnlyForDeploymentPostprocessing = 0;
			shellPath = /bin/sh;
			shellScript = "diff \"${PODS_PODFILE_DIR_PATH}/Podfile.lock\" \"${PODS_ROOT}/Manifest.lock\" > /dev/null\nif [ $? != 0 ] ; then\n    # print error to STDERR\n    echo \"error: The sandbox is not in sync with the Podfile.lock. Run 'pod install' or update your CocoaPods installation.\" >&2\n    exit 1\nfi\n# This output is used by Xcode 'outputs' to avoid re-running this script phase.\necho \"SUCCESS\" > \"${SCRIPT_OUTPUT_FILE_0}\"\n";
			showEnvVarsInLog = 0;
		};
/* End PBXShellScriptBuildPhase section */

/* Begin PBXSourcesBuildPhase section */
		CDE701F4205B6F0000C40127 /* Sources */ = {
			isa = PBXSourcesBuildPhase;
			buildActionMask = 2147483647;
			files = (
				CDE701FE205B6F0000C40127 /* ViewController.swift in Sources */,
				CDE701FC205B6F0000C40127 /* AppDelegate.swift in Sources */,
				CDE70250205B707B00C40127 /* MyMessage.swift in Sources */,
			);
			runOnlyForDeploymentPostprocessing = 0;
		};
		CDE70208205B6F0100C40127 /* Sources */ = {
			isa = PBXSourcesBuildPhase;
			buildActionMask = 2147483647;
			files = (
				CDE70211205B6F0100C40127 /* WatchSync_ExampleTests.swift in Sources */,
			);
			runOnlyForDeploymentPostprocessing = 0;
		};
		CDE70220205B6F0100C40127 /* Sources */ = {
			isa = PBXSourcesBuildPhase;
			buildActionMask = 2147483647;
			files = (
				CDE7022E205B6F0100C40127 /* NotificationController.swift in Sources */,
				CDE70252205B708600C40127 /* MyMessage.swift in Sources */,
				CDE7022C205B6F0100C40127 /* ExtensionDelegate.swift in Sources */,
				CDE7022A205B6F0100C40127 /* InterfaceController.swift in Sources */,
			);
			runOnlyForDeploymentPostprocessing = 0;
		};
/* End PBXSourcesBuildPhase section */

/* Begin PBXTargetDependency section */
		CDE7020E205B6F0100C40127 /* PBXTargetDependency */ = {
			isa = PBXTargetDependency;
			target = CDE701F7205B6F0000C40127 /* WatchSync Example */;
			targetProxy = CDE7020D205B6F0100C40127 /* PBXContainerItemProxy */;
		};
		CDE70218205B6F0100C40127 /* PBXTargetDependency */ = {
			isa = PBXTargetDependency;
			target = CDE70214205B6F0100C40127 /* WatchSync Example WatchKit App */;
			targetProxy = CDE70217205B6F0100C40127 /* PBXContainerItemProxy */;
		};
		CDE70227205B6F0100C40127 /* PBXTargetDependency */ = {
			isa = PBXTargetDependency;
			target = CDE70223205B6F0100C40127 /* WatchSync Example WatchKit Extension */;
			targetProxy = CDE70226205B6F0100C40127 /* PBXContainerItemProxy */;
		};
/* End PBXTargetDependency section */

/* Begin PBXVariantGroup section */
		CDE701FF205B6F0000C40127 /* Main.storyboard */ = {
			isa = PBXVariantGroup;
			children = (
				CDE70200205B6F0000C40127 /* Base */,
			);
			name = Main.storyboard;
			sourceTree = "<group>";
		};
		CDE70204205B6F0000C40127 /* LaunchScreen.storyboard */ = {
			isa = PBXVariantGroup;
			children = (
				CDE70205205B6F0000C40127 /* Base */,
			);
			name = LaunchScreen.storyboard;
			sourceTree = "<group>";
		};
		CDE7021A205B6F0100C40127 /* Interface.storyboard */ = {
			isa = PBXVariantGroup;
			children = (
				CDE7021B205B6F0100C40127 /* Base */,
			);
			name = Interface.storyboard;
			sourceTree = "<group>";
		};
/* End PBXVariantGroup section */

/* Begin XCBuildConfiguration section */
		CDE70233205B6F0100C40127 /* Debug */ = {
			isa = XCBuildConfiguration;
			buildSettings = {
				ALWAYS_SEARCH_USER_PATHS = NO;
				CLANG_ANALYZER_NONNULL = YES;
				CLANG_ANALYZER_NUMBER_OBJECT_CONVERSION = YES_AGGRESSIVE;
				CLANG_CXX_LANGUAGE_STANDARD = "gnu++14";
				CLANG_CXX_LIBRARY = "libc++";
				CLANG_ENABLE_MODULES = YES;
				CLANG_ENABLE_OBJC_ARC = YES;
				CLANG_WARN_BLOCK_CAPTURE_AUTORELEASING = YES;
				CLANG_WARN_BOOL_CONVERSION = YES;
				CLANG_WARN_COMMA = YES;
				CLANG_WARN_CONSTANT_CONVERSION = YES;
				CLANG_WARN_DEPRECATED_OBJC_IMPLEMENTATIONS = YES;
				CLANG_WARN_DIRECT_OBJC_ISA_USAGE = YES_ERROR;
				CLANG_WARN_DOCUMENTATION_COMMENTS = YES;
				CLANG_WARN_EMPTY_BODY = YES;
				CLANG_WARN_ENUM_CONVERSION = YES;
				CLANG_WARN_INFINITE_RECURSION = YES;
				CLANG_WARN_INT_CONVERSION = YES;
				CLANG_WARN_NON_LITERAL_NULL_CONVERSION = YES;
				CLANG_WARN_OBJC_IMPLICIT_RETAIN_SELF = YES;
				CLANG_WARN_OBJC_LITERAL_CONVERSION = YES;
				CLANG_WARN_OBJC_ROOT_CLASS = YES_ERROR;
				CLANG_WARN_RANGE_LOOP_ANALYSIS = YES;
				CLANG_WARN_STRICT_PROTOTYPES = YES;
				CLANG_WARN_SUSPICIOUS_MOVE = YES;
				CLANG_WARN_UNGUARDED_AVAILABILITY = YES_AGGRESSIVE;
				CLANG_WARN_UNREACHABLE_CODE = YES;
				CLANG_WARN__DUPLICATE_METHOD_MATCH = YES;
				CODE_SIGN_IDENTITY = "iPhone Developer";
				COPY_PHASE_STRIP = NO;
				DEBUG_INFORMATION_FORMAT = dwarf;
				ENABLE_STRICT_OBJC_MSGSEND = YES;
				ENABLE_TESTABILITY = YES;
				GCC_C_LANGUAGE_STANDARD = gnu11;
				GCC_DYNAMIC_NO_PIC = NO;
				GCC_NO_COMMON_BLOCKS = YES;
				GCC_OPTIMIZATION_LEVEL = 0;
				GCC_PREPROCESSOR_DEFINITIONS = (
					"DEBUG=1",
					"$(inherited)",
				);
				GCC_WARN_64_TO_32_BIT_CONVERSION = YES;
				GCC_WARN_ABOUT_RETURN_TYPE = YES_ERROR;
				GCC_WARN_UNDECLARED_SELECTOR = YES;
				GCC_WARN_UNINITIALIZED_AUTOS = YES_AGGRESSIVE;
				GCC_WARN_UNUSED_FUNCTION = YES;
				GCC_WARN_UNUSED_VARIABLE = YES;
				IPHONEOS_DEPLOYMENT_TARGET = 11.2;
				MTL_ENABLE_DEBUG_INFO = YES;
				ONLY_ACTIVE_ARCH = YES;
				SDKROOT = iphoneos;
				SWIFT_ACTIVE_COMPILATION_CONDITIONS = DEBUG;
				SWIFT_OPTIMIZATION_LEVEL = "-Onone";
			};
			name = Debug;
		};
		CDE70234205B6F0100C40127 /* Release */ = {
			isa = XCBuildConfiguration;
			buildSettings = {
				ALWAYS_SEARCH_USER_PATHS = NO;
				CLANG_ANALYZER_NONNULL = YES;
				CLANG_ANALYZER_NUMBER_OBJECT_CONVERSION = YES_AGGRESSIVE;
				CLANG_CXX_LANGUAGE_STANDARD = "gnu++14";
				CLANG_CXX_LIBRARY = "libc++";
				CLANG_ENABLE_MODULES = YES;
				CLANG_ENABLE_OBJC_ARC = YES;
				CLANG_WARN_BLOCK_CAPTURE_AUTORELEASING = YES;
				CLANG_WARN_BOOL_CONVERSION = YES;
				CLANG_WARN_COMMA = YES;
				CLANG_WARN_CONSTANT_CONVERSION = YES;
				CLANG_WARN_DEPRECATED_OBJC_IMPLEMENTATIONS = YES;
				CLANG_WARN_DIRECT_OBJC_ISA_USAGE = YES_ERROR;
				CLANG_WARN_DOCUMENTATION_COMMENTS = YES;
				CLANG_WARN_EMPTY_BODY = YES;
				CLANG_WARN_ENUM_CONVERSION = YES;
				CLANG_WARN_INFINITE_RECURSION = YES;
				CLANG_WARN_INT_CONVERSION = YES;
				CLANG_WARN_NON_LITERAL_NULL_CONVERSION = YES;
				CLANG_WARN_OBJC_IMPLICIT_RETAIN_SELF = YES;
				CLANG_WARN_OBJC_LITERAL_CONVERSION = YES;
				CLANG_WARN_OBJC_ROOT_CLASS = YES_ERROR;
				CLANG_WARN_RANGE_LOOP_ANALYSIS = YES;
				CLANG_WARN_STRICT_PROTOTYPES = YES;
				CLANG_WARN_SUSPICIOUS_MOVE = YES;
				CLANG_WARN_UNGUARDED_AVAILABILITY = YES_AGGRESSIVE;
				CLANG_WARN_UNREACHABLE_CODE = YES;
				CLANG_WARN__DUPLICATE_METHOD_MATCH = YES;
				CODE_SIGN_IDENTITY = "iPhone Developer";
				COPY_PHASE_STRIP = NO;
				DEBUG_INFORMATION_FORMAT = "dwarf-with-dsym";
				ENABLE_NS_ASSERTIONS = NO;
				ENABLE_STRICT_OBJC_MSGSEND = YES;
				GCC_C_LANGUAGE_STANDARD = gnu11;
				GCC_NO_COMMON_BLOCKS = YES;
				GCC_WARN_64_TO_32_BIT_CONVERSION = YES;
				GCC_WARN_ABOUT_RETURN_TYPE = YES_ERROR;
				GCC_WARN_UNDECLARED_SELECTOR = YES;
				GCC_WARN_UNINITIALIZED_AUTOS = YES_AGGRESSIVE;
				GCC_WARN_UNUSED_FUNCTION = YES;
				GCC_WARN_UNUSED_VARIABLE = YES;
				IPHONEOS_DEPLOYMENT_TARGET = 11.2;
				MTL_ENABLE_DEBUG_INFO = NO;
				SDKROOT = iphoneos;
				SWIFT_OPTIMIZATION_LEVEL = "-Owholemodule";
				VALIDATE_PRODUCT = YES;
			};
			name = Release;
		};
		CDE70236205B6F0100C40127 /* Debug */ = {
			isa = XCBuildConfiguration;
			baseConfigurationReference = 0C7C9C0C63219AC537D66E7D /* Pods-WatchSync Example WatchKit Extension.debug.xcconfig */;
			buildSettings = {
				ASSETCATALOG_COMPILER_COMPLICATION_NAME = Complication;
				CODE_SIGN_STYLE = Automatic;
				DEVELOPMENT_TEAM = 4337ZFV4M9;
				INFOPLIST_FILE = "WatchSync Example WatchKit Extension/Info.plist";
				LD_RUNPATH_SEARCH_PATHS = "$(inherited) @executable_path/Frameworks @executable_path/../../Frameworks";
				PRODUCT_BUNDLE_IDENTIFIER = "com.tenminutewait.WatchSync-Example.watchkitapp.watchkitextension";
				PRODUCT_NAME = "${TARGET_NAME}";
				SDKROOT = watchos;
				SKIP_INSTALL = YES;
				SWIFT_VERSION = 4.0;
				TARGETED_DEVICE_FAMILY = 4;
				WATCHOS_DEPLOYMENT_TARGET = 4.2;
			};
			name = Debug;
		};
		CDE70237205B6F0100C40127 /* Release */ = {
			isa = XCBuildConfiguration;
			baseConfigurationReference = 5C6F91C073B03CD9416F6A6C /* Pods-WatchSync Example WatchKit Extension.release.xcconfig */;
			buildSettings = {
				ASSETCATALOG_COMPILER_COMPLICATION_NAME = Complication;
				CODE_SIGN_STYLE = Automatic;
				DEVELOPMENT_TEAM = 4337ZFV4M9;
				INFOPLIST_FILE = "WatchSync Example WatchKit Extension/Info.plist";
				LD_RUNPATH_SEARCH_PATHS = "$(inherited) @executable_path/Frameworks @executable_path/../../Frameworks";
				PRODUCT_BUNDLE_IDENTIFIER = "com.tenminutewait.WatchSync-Example.watchkitapp.watchkitextension";
				PRODUCT_NAME = "${TARGET_NAME}";
				SDKROOT = watchos;
				SKIP_INSTALL = YES;
				SWIFT_VERSION = 4.0;
				TARGETED_DEVICE_FAMILY = 4;
				WATCHOS_DEPLOYMENT_TARGET = 4.2;
			};
			name = Release;
		};
		CDE7023A205B6F0100C40127 /* Debug */ = {
			isa = XCBuildConfiguration;
			buildSettings = {
				ALWAYS_EMBED_SWIFT_STANDARD_LIBRARIES = YES;
				ASSETCATALOG_COMPILER_APPICON_NAME = AppIcon;
				CODE_SIGN_STYLE = Automatic;
				DEVELOPMENT_TEAM = 4337ZFV4M9;
				IBSC_MODULE = WatchSync_Example_WatchKit_Extension;
				INFOPLIST_FILE = "WatchSync Example WatchKit App/Info.plist";
				LD_RUNPATH_SEARCH_PATHS = "$(inherited) @executable_path/Frameworks";
				PRODUCT_BUNDLE_IDENTIFIER = "com.tenminutewait.WatchSync-Example.watchkitapp";
				PRODUCT_NAME = "$(TARGET_NAME)";
				SDKROOT = watchos;
				SKIP_INSTALL = YES;
				SWIFT_VERSION = 4.0;
				TARGETED_DEVICE_FAMILY = 4;
				WATCHOS_DEPLOYMENT_TARGET = 4.2;
			};
			name = Debug;
		};
		CDE7023B205B6F0100C40127 /* Release */ = {
			isa = XCBuildConfiguration;
			buildSettings = {
				ALWAYS_EMBED_SWIFT_STANDARD_LIBRARIES = YES;
				ASSETCATALOG_COMPILER_APPICON_NAME = AppIcon;
				CODE_SIGN_STYLE = Automatic;
				DEVELOPMENT_TEAM = 4337ZFV4M9;
				IBSC_MODULE = WatchSync_Example_WatchKit_Extension;
				INFOPLIST_FILE = "WatchSync Example WatchKit App/Info.plist";
				LD_RUNPATH_SEARCH_PATHS = "$(inherited) @executable_path/Frameworks";
				PRODUCT_BUNDLE_IDENTIFIER = "com.tenminutewait.WatchSync-Example.watchkitapp";
				PRODUCT_NAME = "$(TARGET_NAME)";
				SDKROOT = watchos;
				SKIP_INSTALL = YES;
				SWIFT_VERSION = 4.0;
				TARGETED_DEVICE_FAMILY = 4;
				WATCHOS_DEPLOYMENT_TARGET = 4.2;
			};
			name = Release;
		};
		CDE7023E205B6F0100C40127 /* Debug */ = {
			isa = XCBuildConfiguration;
			baseConfigurationReference = 39BC26C52D80A309F0DDA218 /* Pods-WatchSync Example.debug.xcconfig */;
			buildSettings = {
				ASSETCATALOG_COMPILER_APPICON_NAME = AppIcon;
				CODE_SIGN_STYLE = Automatic;
				DEVELOPMENT_TEAM = 4337ZFV4M9;
				INFOPLIST_FILE = "WatchSync Example/Info.plist";
				LD_RUNPATH_SEARCH_PATHS = "$(inherited) @executable_path/Frameworks";
				PRODUCT_BUNDLE_IDENTIFIER = "com.tenminutewait.WatchSync-Example";
				PRODUCT_NAME = "$(TARGET_NAME)";
				SWIFT_VERSION = 4.0;
				TARGETED_DEVICE_FAMILY = "1,2";
			};
			name = Debug;
		};
		CDE7023F205B6F0100C40127 /* Release */ = {
			isa = XCBuildConfiguration;
			baseConfigurationReference = 565140D7C2769114E4127AAA /* Pods-WatchSync Example.release.xcconfig */;
			buildSettings = {
				ASSETCATALOG_COMPILER_APPICON_NAME = AppIcon;
				CODE_SIGN_STYLE = Automatic;
				DEVELOPMENT_TEAM = 4337ZFV4M9;
				INFOPLIST_FILE = "WatchSync Example/Info.plist";
				LD_RUNPATH_SEARCH_PATHS = "$(inherited) @executable_path/Frameworks";
				PRODUCT_BUNDLE_IDENTIFIER = "com.tenminutewait.WatchSync-Example";
				PRODUCT_NAME = "$(TARGET_NAME)";
				SWIFT_VERSION = 4.0;
				TARGETED_DEVICE_FAMILY = "1,2";
			};
			name = Release;
		};
		CDE70241205B6F0100C40127 /* Debug */ = {
			isa = XCBuildConfiguration;
			buildSettings = {
				ALWAYS_EMBED_SWIFT_STANDARD_LIBRARIES = YES;
				BUNDLE_LOADER = "$(TEST_HOST)";
				CODE_SIGN_STYLE = Automatic;
				DEVELOPMENT_TEAM = 4337ZFV4M9;
				INFOPLIST_FILE = "WatchSync ExampleTests/Info.plist";
				LD_RUNPATH_SEARCH_PATHS = "$(inherited) @executable_path/Frameworks @loader_path/Frameworks";
				PRODUCT_BUNDLE_IDENTIFIER = "com.tenminutewait.WatchSync-ExampleTests";
				PRODUCT_NAME = "$(TARGET_NAME)";
				SWIFT_VERSION = 4.0;
				TARGETED_DEVICE_FAMILY = "1,2";
				TEST_HOST = "$(BUILT_PRODUCTS_DIR)/WatchSync Example.app/WatchSync Example";
			};
			name = Debug;
		};
		CDE70242205B6F0100C40127 /* Release */ = {
			isa = XCBuildConfiguration;
			buildSettings = {
				ALWAYS_EMBED_SWIFT_STANDARD_LIBRARIES = YES;
				BUNDLE_LOADER = "$(TEST_HOST)";
				CODE_SIGN_STYLE = Automatic;
				DEVELOPMENT_TEAM = 4337ZFV4M9;
				INFOPLIST_FILE = "WatchSync ExampleTests/Info.plist";
				LD_RUNPATH_SEARCH_PATHS = "$(inherited) @executable_path/Frameworks @loader_path/Frameworks";
				PRODUCT_BUNDLE_IDENTIFIER = "com.tenminutewait.WatchSync-ExampleTests";
				PRODUCT_NAME = "$(TARGET_NAME)";
				SWIFT_VERSION = 4.0;
				TARGETED_DEVICE_FAMILY = "1,2";
				TEST_HOST = "$(BUILT_PRODUCTS_DIR)/WatchSync Example.app/WatchSync Example";
			};
			name = Release;
		};
/* End XCBuildConfiguration section */

/* Begin XCConfigurationList section */
		CDE701F3205B6F0000C40127 /* Build configuration list for PBXProject "WatchSync Example" */ = {
			isa = XCConfigurationList;
			buildConfigurations = (
				CDE70233205B6F0100C40127 /* Debug */,
				CDE70234205B6F0100C40127 /* Release */,
			);
			defaultConfigurationIsVisible = 0;
			defaultConfigurationName = Release;
		};
		CDE70235205B6F0100C40127 /* Build configuration list for PBXNativeTarget "WatchSync Example WatchKit Extension" */ = {
			isa = XCConfigurationList;
			buildConfigurations = (
				CDE70236205B6F0100C40127 /* Debug */,
				CDE70237205B6F0100C40127 /* Release */,
			);
			defaultConfigurationIsVisible = 0;
			defaultConfigurationName = Release;
		};
		CDE70239205B6F0100C40127 /* Build configuration list for PBXNativeTarget "WatchSync Example WatchKit App" */ = {
			isa = XCConfigurationList;
			buildConfigurations = (
				CDE7023A205B6F0100C40127 /* Debug */,
				CDE7023B205B6F0100C40127 /* Release */,
			);
			defaultConfigurationIsVisible = 0;
			defaultConfigurationName = Release;
		};
		CDE7023D205B6F0100C40127 /* Build configuration list for PBXNativeTarget "WatchSync Example" */ = {
			isa = XCConfigurationList;
			buildConfigurations = (
				CDE7023E205B6F0100C40127 /* Debug */,
				CDE7023F205B6F0100C40127 /* Release */,
			);
			defaultConfigurationIsVisible = 0;
			defaultConfigurationName = Release;
		};
		CDE70240205B6F0100C40127 /* Build configuration list for PBXNativeTarget "WatchSync ExampleTests" */ = {
			isa = XCConfigurationList;
			buildConfigurations = (
				CDE70241205B6F0100C40127 /* Debug */,
				CDE70242205B6F0100C40127 /* Release */,
			);
			defaultConfigurationIsVisible = 0;
			defaultConfigurationName = Release;
		};
/* End XCConfigurationList section */
	};
	rootObject = CDE701F0205B6F0000C40127 /* Project object */;
}
